
Microsoft Visual Studio Solution File, Format Version 12.00
# Visual Studio Version 16
VisualStudioVersion = 16.0.30711.63
MinimumVisualStudioVersion = 10.0.40219.1
Project("{FAE04EC0-301F-11D3-BF4B-00C04F79EFBC}") = "Lightening", "Lightening.csproj", "{BB5BD257-54C9-41D0-A542-30B51A00E1B7}"
EndProject
Global
	GlobalSection(SolutionConfigurationPlatforms) = preSolution
		Debug|Any CPU = Debug|Any CPU
		Release|Any CPU = Release|Any CPU
	EndGlobalSection
	GlobalSection(ProjectConfigurationPlatforms) = postSolution
		{BB5BD257-54C9-41D0-A542-30B51A00E1B7}.Debug|Any CPU.ActiveCfg = Debug|Any CPU
		{BB5BD257-54C9-41D0-A542-30B51A00E1B7}.Debug|Any CPU.Build.0 = Debug|Any CPU
		{BB5BD257-54C9-41D0-A542-30B51A00E1B7}.Release|Any CPU.ActiveCfg = Release|Any CPU
		{BB5BD257-54C9-41D0-A542-30B51A00E1B7}.Release|Any CPU.Build.0 = Release|Any CPU
	EndGlobalSection
	GlobalSection(SolutionProperties) = preSolution
		HideSolutionNode = FALSE
	EndGlobalSection
	GlobalSection(ExtensibilityGlobals) = postSolution
		SolutionGuid = {BA47E4CB-C275-411C-85FC-7772A240E529}
	EndGlobalSection
EndGlobal
